
Microsoft Visual Studio Solution File, Format Version 12.00
# Visual Studio Version 17
VisualStudioVersion = 17.2.32422.2
MinimumVisualStudioVersion = 10.0.40219.1
Project("{FAE04EC0-301F-11D3-BF4B-00C04F79EFBC}") = "StandardlyDemoProject2.Api", "StandardlyDemoProject2.Api\StandardlyDemoProject2.Api.csproj", "{F525C8D6-64A7-4ACF-AA8E-2A75721AC582}"
EndProject
Project("{FAE04EC0-301F-11D3-BF4B-00C04F79EFBC}") = "StandardlyDemoProject2.Api.Infrastructure.Build", "StandardlyDemoProject2.Api.Infrastructure.Build\StandardlyDemoProject2.Api.Infrastructure.Build.csproj", "{0A276687-45AE-41E4-9A86-C8FF3DA51072}"
EndProject
Project("{FAE04EC0-301F-11D3-BF4B-00C04F79EFBC}") = "StandardlyDemoProject2.Api.Infrastructure.Provision", "StandardlyDemoProject2.Api.Infrastructure.Provision\StandardlyDemoProject2.Api.Infrastructure.Provision.csproj", "{62114E36-390E-4F02-9500-A81AFCDF9987}"
EndProject
Project("{FAE04EC0-301F-11D3-BF4B-00C04F79EFBC}") = "StandardlyDemoProject2.Api.Tests.Unit", "StandardlyDemoProject2.Api.Tests.Unit\StandardlyDemoProject2.Api.Tests.Unit.csproj", "{31B8A2DA-DD44-40AD-B178-4C5C69555083}"
EndProject
Project("{FAE04EC0-301F-11D3-BF4B-00C04F79EFBC}") = "StandardlyDemoProject2.Api.Tests.Acceptance", "StandardlyDemoProject2.Api.Tests.Acceptance\StandardlyDemoProject2.Api.Tests.Acceptance.csproj", "{57F9BD64-94A9-4BCE-BA55-F98E0986AD2B}"
EndProject
Global
	GlobalSection(SolutionConfigurationPlatforms) = preSolution
		Debug|Any CPU = Debug|Any CPU
		Release|Any CPU = Release|Any CPU
	EndGlobalSection
	GlobalSection(ProjectConfigurationPlatforms) = postSolution
		{F525C8D6-64A7-4ACF-AA8E-2A75721AC582}.Debug|Any CPU.ActiveCfg = Debug|Any CPU
		{F525C8D6-64A7-4ACF-AA8E-2A75721AC582}.Debug|Any CPU.Build.0 = Debug|Any CPU
		{F525C8D6-64A7-4ACF-AA8E-2A75721AC582}.Release|Any CPU.ActiveCfg = Release|Any CPU
		{F525C8D6-64A7-4ACF-AA8E-2A75721AC582}.Release|Any CPU.Build.0 = Release|Any CPU
		{0A276687-45AE-41E4-9A86-C8FF3DA51072}.Debug|Any CPU.ActiveCfg = Debug|Any CPU
		{0A276687-45AE-41E4-9A86-C8FF3DA51072}.Debug|Any CPU.Build.0 = Debug|Any CPU
		{0A276687-45AE-41E4-9A86-C8FF3DA51072}.Release|Any CPU.ActiveCfg = Release|Any CPU
		{0A276687-45AE-41E4-9A86-C8FF3DA51072}.Release|Any CPU.Build.0 = Release|Any CPU
		{62114E36-390E-4F02-9500-A81AFCDF9987}.Debug|Any CPU.ActiveCfg = Debug|Any CPU
		{62114E36-390E-4F02-9500-A81AFCDF9987}.Debug|Any CPU.Build.0 = Debug|Any CPU
		{62114E36-390E-4F02-9500-A81AFCDF9987}.Release|Any CPU.ActiveCfg = Release|Any CPU
		{62114E36-390E-4F02-9500-A81AFCDF9987}.Release|Any CPU.Build.0 = Release|Any CPU
		{31B8A2DA-DD44-40AD-B178-4C5C69555083}.Debug|Any CPU.ActiveCfg = Debug|Any CPU
		{31B8A2DA-DD44-40AD-B178-4C5C69555083}.Debug|Any CPU.Build.0 = Debug|Any CPU
		{31B8A2DA-DD44-40AD-B178-4C5C69555083}.Release|Any CPU.ActiveCfg = Release|Any CPU
		{31B8A2DA-DD44-40AD-B178-4C5C69555083}.Release|Any CPU.Build.0 = Release|Any CPU
		{57F9BD64-94A9-4BCE-BA55-F98E0986AD2B}.Debug|Any CPU.ActiveCfg = Debug|Any CPU
		{57F9BD64-94A9-4BCE-BA55-F98E0986AD2B}.Debug|Any CPU.Build.0 = Debug|Any CPU
		{57F9BD64-94A9-4BCE-BA55-F98E0986AD2B}.Release|Any CPU.ActiveCfg = Release|Any CPU
		{57F9BD64-94A9-4BCE-BA55-F98E0986AD2B}.Release|Any CPU.Build.0 = Release|Any CPU
	EndGlobalSection
	GlobalSection(SolutionProperties) = preSolution
		HideSolutionNode = FALSE
	EndGlobalSection
	GlobalSection(ExtensibilityGlobals) = postSolution
		SolutionGuid = {5E3501EC-041A-41A9-B32F-ED42C575678D}
	EndGlobalSection
EndGlobal
